Microsoft Visual Studio Solution File, Format Version 12.00
# Visual Studio Version 17
VisualStudioVersion = 17.5.2.0
MinimumVisualStudioVersion = 10.0.40219.1
Project("{2150E333-8FDC-42A3-9474-1A3956D46DE8}") = "Project", "Project", "{EB1B1211-640D-0C76-A929-990D115248FD}"
EndProject
Project("{FAE04EC0-301F-11D3-BF4B-00C04F79EFBC}") = "Moviewasm", "Project\Moviewasm\Moviewasm.csproj", "{4DF177EC-22BC-9AB1-6D07-08D4FFC29F7E}"
EndProject
Project("{FAE04EC0-301F-11D3-BF4B-00C04F79EFBC}") = "MovieWebApi", "Project\MovieWebApi\MovieWebApi.csproj", "{E37E7A99-6F78-EA46-A3FC-FCD9A993D42A}"
EndProject
Global
	GlobalSection(SolutionConfigurationPlatforms) = preSolution
		Debug|Any CPU = Debug|Any CPU
		Release|Any CPU = Release|Any CPU
	EndGlobalSection
	GlobalSection(ProjectConfigurationPlatforms) = postSolution
		{4DF177EC-22BC-9AB1-6D07-08D4FFC29F7E}.Debug|Any CPU.ActiveCfg = Debug|Any CPU
		{4DF177EC-22BC-9AB1-6D07-08D4FFC29F7E}.Debug|Any CPU.Build.0 = Debug|Any CPU
		{4DF177EC-22BC-9AB1-6D07-08D4FFC29F7E}.Release|Any CPU.ActiveCfg = Release|Any CPU
		{4DF177EC-22BC-9AB1-6D07-08D4FFC29F7E}.Release|Any CPU.Build.0 = Release|Any CPU
		{E37E7A99-6F78-EA46-A3FC-FCD9A993D42A}.Debug|Any CPU.ActiveCfg = Debug|Any CPU
		{E37E7A99-6F78-EA46-A3FC-FCD9A993D42A}.Debug|Any CPU.Build.0 = Debug|Any CPU
		{E37E7A99-6F78-EA46-A3FC-FCD9A993D42A}.Release|Any CPU.ActiveCfg = Release|Any CPU
		{E37E7A99-6F78-EA46-A3FC-FCD9A993D42A}.Release|Any CPU.Build.0 = Release|Any CPU
	EndGlobalSection
	GlobalSection(SolutionProperties) = preSolution
		HideSolutionNode = FALSE
	EndGlobalSection
	GlobalSection(NestedProjects) = preSolution
		{4DF177EC-22BC-9AB1-6D07-08D4FFC29F7E} = {EB1B1211-640D-0C76-A929-990D115248FD}
		{E37E7A99-6F78-EA46-A3FC-FCD9A993D42A} = {EB1B1211-640D-0C76-A929-990D115248FD}
	EndGlobalSection
	GlobalSection(ExtensibilityGlobals) = postSolution
		SolutionGuid = {BE02FA5D-72FD-42D7-9D13-86F6E85CDC26}
	EndGlobalSection
EndGlobal
